{
    "name": "@helios-lang/uplc",
    "version": "0.1.14",
    "lockfileVersion": 3,
    "requires": true,
    "packages": {
        "": {
            "name": "@helios-lang/uplc",
            "version": "0.1.14",
            "license": "BSD-3-Clause",
            "dependencies": {
                "@helios-lang/cbor": "^0.1.9",
                "@helios-lang/codec-utils": "^0.1.24",
                "@helios-lang/compiler-utils": "^0.1.7",
                "@helios-lang/type-utils": "^0.1.5"
            },
            "devDependencies": {
                "@types/node": "^20.11.24",
                "prettier": "^3.1.0",
                "typescript": "^5.3.2"
            }
        },
        "node_modules/@helios-lang/cbor": {
            "version": "0.1.9",
            "resolved": "https://registry.npmjs.org/@helios-lang/cbor/-/cbor-0.1.9.tgz",
            "integrity": "sha512-rQJ6wPXXGjXX0jxnjqJfPwx/6HD9dnqSYmkd5NQqiJodyFYK5ioEuy78e23z4h4ZR5qFWEwPCNcQdvXSNe1LyA==",
            "dependencies": {
                "@helios-lang/codec-utils": "^0.1.24",
                "@helios-lang/type-utils": "^0.1.5"
            }
        },
        "node_modules/@helios-lang/codec-utils": {
            "version": "0.1.24",
            "resolved": "https://registry.npmjs.org/@helios-lang/codec-utils/-/codec-utils-0.1.24.tgz",
            "integrity": "sha512-xBkcXTFq9CeTOfOZ9gJglhBs9WKwvy8cJ9d8fFmi+2rricOoweRZQppMGuSIfJbFiNKe/lqaELG9iFEAr5uKpw=="
        },
        "node_modules/@helios-lang/compiler-utils": {
            "version": "0.1.7",
            "resolved": "https://registry.npmjs.org/@helios-lang/compiler-utils/-/compiler-utils-0.1.7.tgz",
            "integrity": "sha512-wSKj9uMKJdg9SJuvt4ES7sJtjXoIaY7jWlRg7Vnp8u+BdmhdjGolu6WSn+jrhdcQ/bvC3rr/02RjyENvCxMAAg==",
            "dependencies": {
                "@helios-lang/cbor": "^0.1.9",
                "@helios-lang/codec-utils": "^0.1.24",
                "@helios-lang/crypto": "^0.1.2",
                "@helios-lang/type-utils": "^0.1.5"
            }
        },
        "node_modules/@helios-lang/crypto": {
            "version": "0.1.2",
            "resolved": "https://registry.npmjs.org/@helios-lang/crypto/-/crypto-0.1.2.tgz",
            "integrity": "sha512-7ZNDHjxLxkYRVy4oriwQLNYVuzIAYNZP5EeKHkFN+FKW4RbuUxvC0G8bcimO8ClxWVOHjM5tJcxoTSarU0UxOw==",
            "dependencies": {
                "@helios-lang/codec-utils": "^0.1.24"
            }
        },
        "node_modules/@helios-lang/type-utils": {
            "version": "0.1.5",
            "resolved": "https://registry.npmjs.org/@helios-lang/type-utils/-/type-utils-0.1.5.tgz",
            "integrity": "sha512-ZBkqXOxzQtg1C1Lku4yX16n4GYqVn9h2VRcCONvcb4ZFbS6X4k3hhPV2QLrbzRYKxlHwFdG3gOeRVisuCJMIjg=="
        },
        "node_modules/@types/node": {
            "version": "20.11.24",
            "resolved": "https://registry.npmjs.org/@types/node/-/node-20.11.24.tgz",
            "integrity": "sha512-Kza43ewS3xoLgCEpQrsT+xRo/EJej1y0kVYGiLFE1NEODXGzTfwiC6tXTLMQskn1X4/Rjlh0MQUvx9W+L9long==",
            "dev": true,
            "dependencies": {
                "undici-types": "~5.26.4"
            }
        },
        "node_modules/prettier": {
            "version": "3.1.0",
            "resolved": "https://registry.npmjs.org/prettier/-/prettier-3.1.0.tgz",
            "integrity": "sha512-TQLvXjq5IAibjh8EpBIkNKxO749UEWABoiIZehEPiY4GNpVdhaFKqSTu+QrlU6D2dPAfubRmtJTi4K4YkQ5eXw==",
            "dev": true,
            "bin": {
                "prettier": "bin/prettier.cjs"
            },
            "engines": {
                "node": ">=14"
            },
            "funding": {
                "url": "https://github.com/prettier/prettier?sponsor=1"
            }
        },
        "node_modules/typescript": {
            "version": "5.3.2",
            "resolved": "https://registry.npmjs.org/typescript/-/typescript-5.3.2.tgz",
            "integrity": "sha512-6l+RyNy7oAHDfxC4FzSJcz9vnjTKxrLpDG5M2Vu4SHRVNg6xzqZp6LYSR9zjqQTu8DU/f5xwxUdADOkbrIX2gQ==",
            "dev": true,
            "bin": {
                "tsc": "bin/tsc",
                "tsserver": "bin/tsserver"
            },
            "engines": {
                "node": ">=14.17"
            }
        },
        "node_modules/undici-types": {
            "version": "5.26.5",
            "resolved": "https://registry.npmjs.org/undici-types/-/undici-types-5.26.5.tgz",
            "integrity": "sha512-JlCMO+ehdEIKqlFxk6IfVoAUVmgz7cU7zD/h9XZ0qzeosSHmUJVOzSQvvYSYWXkFXC+IfLKSIffhv0sVZup6pA==",
            "dev": true
        }
    }
}
