{
    "name": "@helios-lang/uplc",
    "version": "0.1.33",
    "lockfileVersion": 3,
    "requires": true,
    "packages": {
        "": {
            "name": "@helios-lang/uplc",
            "version": "0.1.33",
            "license": "BSD-3-Clause",
            "dependencies": {
                "@helios-lang/cbor": "^0.1.21",
                "@helios-lang/codec-utils": "^0.1.30",
                "@helios-lang/compiler-utils": "^0.1.25",
                "@helios-lang/crypto": "^0.1.9",
                "@helios-lang/type-utils": "^0.1.18"
            },
            "devDependencies": {
                "@types/node": "^20.11.24",
                "prettier": "^3.1.0",
                "typescript": "^5.3.2"
            }
        },
        "node_modules/@helios-lang/cbor": {
            "version": "0.1.21",
            "resolved": "https://registry.npmjs.org/@helios-lang/cbor/-/cbor-0.1.21.tgz",
            "integrity": "sha512-EHIKmN1fDPtEwjvPHCjCHf3JtCK2j09z6dwTiSI4HJ7sl62nr5Ti1B0/EkiKrahfKQnYl/wgtVyKoY/qgIJQMw==",
            "dependencies": {
                "@helios-lang/codec-utils": "^0.1.30",
                "@helios-lang/type-utils": "^0.1.18"
            }
        },
        "node_modules/@helios-lang/codec-utils": {
            "version": "0.1.30",
            "resolved": "https://registry.npmjs.org/@helios-lang/codec-utils/-/codec-utils-0.1.30.tgz",
            "integrity": "sha512-921mNdFd4LayFY1PC5vsStl8MNArkDKuGdlVUCO86qgkg76cpDvR19hxHvyoU5c1lsBdC82bTCRIreW6BP7UwQ=="
        },
        "node_modules/@helios-lang/compiler-utils": {
            "version": "0.1.25",
            "resolved": "https://registry.npmjs.org/@helios-lang/compiler-utils/-/compiler-utils-0.1.25.tgz",
            "integrity": "sha512-7J9HR1eWRrUyZMWT+uxoax76XsYjT7SHrhtSbYEkXqXGcWFmdvrk+A32R66WRF5Jn6Vv5mi116pUJ9eTwYpuUQ==",
            "dependencies": {
                "@helios-lang/codec-utils": "^0.1.30",
                "@helios-lang/type-utils": "^0.1.18"
            }
        },
        "node_modules/@helios-lang/crypto": {
            "version": "0.1.9",
            "resolved": "https://registry.npmjs.org/@helios-lang/crypto/-/crypto-0.1.9.tgz",
            "integrity": "sha512-4sXmWNbCqTejpkSh8qzeRXy+62LRQ/P4t3idMxZ3zKpz3RLNgFWiDMhSfmVBakzVbAuVVSeQrzcXTPEwq4pM/w==",
            "dependencies": {
                "@helios-lang/codec-utils": "^0.1.30"
            }
        },
        "node_modules/@helios-lang/type-utils": {
            "version": "0.1.18",
            "resolved": "https://registry.npmjs.org/@helios-lang/type-utils/-/type-utils-0.1.18.tgz",
            "integrity": "sha512-dkhJxGHfYPoyzD0vRBAOV7wHQ8QH1ZL5ZkBk4AzP4lQfRHpWhdIEu6hMU/BJMzXpRzAfgT2inm5jsIfoy8vPMg=="
        },
        "node_modules/@types/node": {
            "version": "20.11.24",
            "resolved": "https://registry.npmjs.org/@types/node/-/node-20.11.24.tgz",
            "integrity": "sha512-Kza43ewS3xoLgCEpQrsT+xRo/EJej1y0kVYGiLFE1NEODXGzTfwiC6tXTLMQskn1X4/Rjlh0MQUvx9W+L9long==",
            "dev": true,
            "dependencies": {
                "undici-types": "~5.26.4"
            }
        },
        "node_modules/prettier": {
            "version": "3.1.0",
            "resolved": "https://registry.npmjs.org/prettier/-/prettier-3.1.0.tgz",
            "integrity": "sha512-TQLvXjq5IAibjh8EpBIkNKxO749UEWABoiIZehEPiY4GNpVdhaFKqSTu+QrlU6D2dPAfubRmtJTi4K4YkQ5eXw==",
            "dev": true,
            "bin": {
                "prettier": "bin/prettier.cjs"
            },
            "engines": {
                "node": ">=14"
            },
            "funding": {
                "url": "https://github.com/prettier/prettier?sponsor=1"
            }
        },
        "node_modules/typescript": {
            "version": "5.3.2",
            "resolved": "https://registry.npmjs.org/typescript/-/typescript-5.3.2.tgz",
            "integrity": "sha512-6l+RyNy7oAHDfxC4FzSJcz9vnjTKxrLpDG5M2Vu4SHRVNg6xzqZp6LYSR9zjqQTu8DU/f5xwxUdADOkbrIX2gQ==",
            "dev": true,
            "bin": {
                "tsc": "bin/tsc",
                "tsserver": "bin/tsserver"
            },
            "engines": {
                "node": ">=14.17"
            }
        },
        "node_modules/undici-types": {
            "version": "5.26.5",
            "resolved": "https://registry.npmjs.org/undici-types/-/undici-types-5.26.5.tgz",
            "integrity": "sha512-JlCMO+ehdEIKqlFxk6IfVoAUVmgz7cU7zD/h9XZ0qzeosSHmUJVOzSQvvYSYWXkFXC+IfLKSIffhv0sVZup6pA==",
            "dev": true
        }
    }
}
